
Microsoft Visual Studio Solution File, Format Version 12.00
# Visual Studio Version 17
VisualStudioVersion = 17.4.33213.308
MinimumVisualStudioVersion = 10.0.40219.1
Project("{FAE04EC0-301F-11D3-BF4B-00C04F79EFBC}") = "HomeWorkGroup2.7.2023", "HomeWorkGroup2.7.2023\HomeWorkGroup2.7.2023.csproj", "{D49B1F9E-D065-4712-949F-17E0349C159E}"
EndProject
Global
	GlobalSection(SolutionConfigurationPlatforms) = preSolution
		Debug|Any CPU = Debug|Any CPU
		Release|Any CPU = Release|Any CPU
	EndGlobalSection
	GlobalSection(ProjectConfigurationPlatforms) = postSolution
		{D49B1F9E-D065-4712-949F-17E0349C159E}.Debug|Any CPU.ActiveCfg = Debug|Any CPU
		{D49B1F9E-D065-4712-949F-17E0349C159E}.Debug|Any CPU.Build.0 = Debug|Any CPU
		{D49B1F9E-D065-4712-949F-17E0349C159E}.Release|Any CPU.ActiveCfg = Release|Any CPU
		{D49B1F9E-D065-4712-949F-17E0349C159E}.Release|Any CPU.Build.0 = Release|Any CPU
	EndGlobalSection
	GlobalSection(SolutionProperties) = preSolution
		HideSolutionNode = FALSE
	EndGlobalSection
	GlobalSection(ExtensibilityGlobals) = postSolution
		SolutionGuid = {5F1FF0CD-6BE2-4A81-BFCD-FDF44C99C2CF}
	EndGlobalSection
EndGlobal
